%{"cowboy": {:hex, :cowboy, "1.0.0"},
  "cowlib": {:hex, :cowlib, "1.0.1"},
  "fs": {:hex, :fs, "0.9.1"},
  "hackney": {:hex, :hackney, "1.1.0"},
  "httpoison": {:hex, :httpoison, "0.6.0"},
  "idna": {:hex, :idna, "1.0.2"},
  "oauth2": {:git, "git://github.com/scrogson/oauth2.git", "eee9161642848128cf2b93b1f85e0b6f198f1261", []},
  "phoenix": {:hex, :phoenix, "0.11.0"},
  "phoenix_live_reload": {:hex, :phoenix_live_reload, "0.3.0"},
  "plug": {:hex, :plug, "0.11.3"},
  "poison": {:hex, :poison, "1.4.0"},
  "ranch": {:hex, :ranch, "1.0.0"},
  "ssl_verify_hostname": {:hex, :ssl_verify_hostname, "1.0.4"}}
